
Microsoft Visual Studio Solution File, Format Version 12.00
# Visual Studio Version 16
VisualStudioVersion = 16.0.31729.503
MinimumVisualStudioVersion = 10.0.40219.1
Project("{FAE04EC0-301F-11D3-BF4B-00C04F79EFBC}") = "Faculty.RMS", "Faculty.RMS\Faculty.RMS.csproj", "{5FD09B52-6CFD-4D30-A88D-684DCEBB5671}"
EndProject
Project("{FAE04EC0-301F-11D3-BF4B-00C04F79EFBC}") = "RMS.Core", "RMS.Core\RMS.Core.csproj", "{DF9A07DC-7934-424C-8E7D-CDCDB0900CDE}"
EndProject
Project("{FAE04EC0-301F-11D3-BF4B-00C04F79EFBC}") = "RMS.Domain", "RMS.Domain\RMS.Domain.csproj", "{7E4F6B4A-0EC9-47E5-9EBA-13DF1DAE0827}"
EndProject
Global
	GlobalSection(SolutionConfigurationPlatforms) = preSolution
		Debug|Any CPU = Debug|Any CPU
		Release|Any CPU = Release|Any CPU
	EndGlobalSection
	GlobalSection(ProjectConfigurationPlatforms) = postSolution
		{5FD09B52-6CFD-4D30-A88D-684DCEBB5671}.Debug|Any CPU.ActiveCfg = Debug|Any CPU
		{5FD09B52-6CFD-4D30-A88D-684DCEBB5671}.Debug|Any CPU.Build.0 = Debug|Any CPU
		{5FD09B52-6CFD-4D30-A88D-684DCEBB5671}.Release|Any CPU.ActiveCfg = Release|Any CPU
		{5FD09B52-6CFD-4D30-A88D-684DCEBB5671}.Release|Any CPU.Build.0 = Release|Any CPU
		{DF9A07DC-7934-424C-8E7D-CDCDB0900CDE}.Debug|Any CPU.ActiveCfg = Debug|Any CPU
		{DF9A07DC-7934-424C-8E7D-CDCDB0900CDE}.Debug|Any CPU.Build.0 = Debug|Any CPU
		{DF9A07DC-7934-424C-8E7D-CDCDB0900CDE}.Release|Any CPU.ActiveCfg = Release|Any CPU
		{DF9A07DC-7934-424C-8E7D-CDCDB0900CDE}.Release|Any CPU.Build.0 = Release|Any CPU
		{7E4F6B4A-0EC9-47E5-9EBA-13DF1DAE0827}.Debug|Any CPU.ActiveCfg = Debug|Any CPU
		{7E4F6B4A-0EC9-47E5-9EBA-13DF1DAE0827}.Debug|Any CPU.Build.0 = Debug|Any CPU
		{7E4F6B4A-0EC9-47E5-9EBA-13DF1DAE0827}.Release|Any CPU.ActiveCfg = Release|Any CPU
		{7E4F6B4A-0EC9-47E5-9EBA-13DF1DAE0827}.Release|Any CPU.Build.0 = Release|Any CPU
	EndGlobalSection
	GlobalSection(SolutionProperties) = preSolution
		HideSolutionNode = FALSE
	EndGlobalSection
	GlobalSection(ExtensibilityGlobals) = postSolution
		SolutionGuid = {09931B3E-4555-4AFE-B588-5535C6FE7C96}
	EndGlobalSection
EndGlobal
